Microsoft Visual Studio Solution File, Format Version 12.00
# Visual Studio 15
VisualStudioVersion = 15.0.27130.2027
MinimumVisualStudioVersion = 10.0.40219.1
Project("{E24C65DC-7377-472B-9ABA-BC803B73C61A}") = "TestGridViewSite81", "TestGridViewSite81\", "{E7100136-FDA4-46DF-B114-8F6ECC7C2DF8}"
	ProjectSection(WebsiteProperties) = preProject
		TargetFrameworkMoniker = ".NETFramework,Version%3Dv4.0"
		Debug.AspNetCompiler.VirtualPath = "/TestGridViewSite81"
		Debug.AspNetCompiler.PhysicalPath = "TestGridViewSite81\"
		Debug.AspNetCompiler.TargetPath = "PrecompiledWeb\TestGridViewSite81\"
		Debug.AspNetCompiler.Updateable = "true"
		Debug.AspNetCompiler.ForceOverwrite = "true"
		Debug.AspNetCompiler.FixedNames = "false"
		Debug.AspNetCompiler.Debug = "True"
		Release.AspNetCompiler.VirtualPath = "/TestGridViewSite81"
		Release.AspNetCompiler.PhysicalPath = "TestGridViewSite81\"
		Release.AspNetCompiler.TargetPath = "PrecompiledWeb\TestGridViewSite81\"
		Release.AspNetCompiler.Updateable = "true"
		Release.AspNetCompiler.ForceOverwrite = "true"
		Release.AspNetCompiler.FixedNames = "false"
		Release.AspNetCompiler.Debug = "False"
		VWDPort = "2101"
		SlnRelativePath = "TestGridViewSite81\"
	EndProjectSection
EndProject
Global
	GlobalSection(SolutionConfigurationPlatforms) = preSolution
		Debug|.NET = Debug|.NET
	EndGlobalSection
	GlobalSection(ProjectConfigurationPlatforms) = postSolution
		{E7100136-FDA4-46DF-B114-8F6ECC7C2DF8}.Debug|.NET.ActiveCfg = Debug|Any CPU
		{E7100136-FDA4-46DF-B114-8F6ECC7C2DF8}.Debug|.NET.Build.0 = Debug|Any CPU
	EndGlobalSection
	GlobalSection(SolutionProperties) = preSolution
		HideSolutionNode = FALSE
	EndGlobalSection
	GlobalSection(ExtensibilityGlobals) = postSolution
		SolutionGuid = {DFA4BDC5-5A0A-467D-BF07-A07B17659DDA}
	EndGlobalSection
EndGlobal
